// !$*UTF8*$!
{
	archiveVersion = 1;
	classes = {
	};
	objectVersion = 56;
	objects = {

/* Begin PBXBuildFile section */
		170A92B52A5C7D3D008D4273 /* NASADemoApp.swift in Sources */ = {isa = PBXBuildFile; fileRef = 170A92B42A5C7D3D008D4273 /* NASADemoApp.swift */; };
		170A92B92A5C7D3E008D4273 /* Assets.xcassets in Resources */ = {isa = PBXBuildFile; fileRef = 170A92B82A5C7D3E008D4273 /* Assets.xcassets */; };
		170A92BC2A5C7D3E008D4273 /* Preview Assets.xcassets in Resources */ = {isa = PBXBuildFile; fileRef = 170A92BB2A5C7D3E008D4273 /* Preview Assets.xcassets */; };
		170A92C62A5C7D3E008D4273 /* NASADemoTests.swift in Sources */ = {isa = PBXBuildFile; fileRef = 170A92C52A5C7D3E008D4273 /* NASADemoTests.swift */; };
		170A92D02A5C7D3E008D4273 /* NASADemoUITests.swift in Sources */ = {isa = PBXBuildFile; fileRef = 170A92CF2A5C7D3E008D4273 /* NASADemoUITests.swift */; };
		170A92D22A5C7D3E008D4273 /* NASADemoUITestsLaunchTests.swift in Sources */ = {isa = PBXBuildFile; fileRef = 170A92D12A5C7D3E008D4273 /* NASADemoUITestsLaunchTests.swift */; };
		172578522A5CA5FD001C3AE6 /* NasaDetailView.swift in Sources */ = {isa = PBXBuildFile; fileRef = 172578512A5CA5FD001C3AE6 /* NasaDetailView.swift */; };
		172578592A5D1107001C3AE6 /* NasaImageSearchResponseModel.swift in Sources */ = {isa = PBXBuildFile; fileRef = 172578582A5D1107001C3AE6 /* NasaImageSearchResponseModel.swift */; };
		172578622A5D137D001C3AE6 /* NasaViewModel.swift in Sources */ = {isa = PBXBuildFile; fileRef = 172578612A5D137D001C3AE6 /* NasaViewModel.swift */; };
		172578642A5D148F001C3AE6 /* NasaView.swift in Sources */ = {isa = PBXBuildFile; fileRef = 172578632A5D148F001C3AE6 /* NasaView.swift */; };
		172578662A5E05CB001C3AE6 /* NasaImage.swift in Sources */ = {isa = PBXBuildFile; fileRef = 172578652A5E05CB001C3AE6 /* NasaImage.swift */; };
		172578682A5E1B77001C3AE6 /* APIClient.swift in Sources */ = {isa = PBXBuildFile; fileRef = 172578672A5E1B77001C3AE6 /* APIClient.swift */; };
		1725786A2A5E1B84001C3AE6 /* APIRequest.swift in Sources */ = {isa = PBXBuildFile; fileRef = 172578692A5E1B84001C3AE6 /* APIRequest.swift */; };
		1725786C2A5F1813001C3AE6 /* NasaDetailViewModel.swift in Sources */ = {isa = PBXBuildFile; fileRef = 1725786B2A5F1813001C3AE6 /* NasaDetailViewModel.swift */; };
/* End PBXBuildFile section */

/* Begin PBXContainerItemProxy section */
		170A92C22A5C7D3E008D4273 /* PBXContainerItemProxy */ = {
			isa = PBXContainerItemProxy;
			containerPortal = 170A92A92A5C7D3D008D4273 /* Project object */;
			proxyType = 1;
			remoteGlobalIDString = 170A92B02A5C7D3D008D4273;
			remoteInfo = NASADemo;
		};
		170A92CC2A5C7D3E008D4273 /* PBXContainerItemProxy */ = {
			isa = PBXContainerItemProxy;
			containerPortal = 170A92A92A5C7D3D008D4273 /* Project object */;
			proxyType = 1;
			remoteGlobalIDString = 170A92B02A5C7D3D008D4273;
			remoteInfo = NASADemo;
		};
/* End PBXContainerItemProxy section */

/* Begin PBXFileReference section */
		170A92B12A5C7D3D008D4273 /* NASADemo.app */ = {isa = PBXFileReference; explicitFileType = wrapper.application; includeInIndex = 0; path = NASADemo.app; sourceTree = BUILT_PRODUCTS_DIR; };
		170A92B42A5C7D3D008D4273 /* NASADemoApp.swift */ = {isa = PBXFileReference; lastKnownFileType = sourcecode.swift; path = NASADemoApp.swift; sourceTree = "<group>"; };
		170A92B82A5C7D3E008D4273 /* Assets.xcassets */ = {isa = PBXFileReference; lastKnownFileType = folder.assetcatalog; path = Assets.xcassets; sourceTree = "<group>"; };
		170A92BB2A5C7D3E008D4273 /* Preview Assets.xcassets */ = {isa = PBXFileReference; lastKnownFileType = folder.assetcatalog; path = "Preview Assets.xcassets"; sourceTree = "<group>"; };
		170A92C12A5C7D3E008D4273 /* NASADemoTests.xctest */ = {isa = PBXFileReference; explicitFileType = wrapper.cfbundle; includeInIndex = 0; path = NASADemoTests.xctest; sourceTree = BUILT_PRODUCTS_DIR; };
		170A92C52A5C7D3E008D4273 /* NASADemoTests.swift */ = {isa = PBXFileReference; lastKnownFileType = sourcecode.swift; path = NASADemoTests.swift; sourceTree = "<group>"; };
		170A92CB2A5C7D3E008D4273 /* NASADemoUITests.xctest */ = {isa = PBXFileReference; explicitFileType = wrapper.cfbundle; includeInIndex = 0; path = NASADemoUITests.xctest; sourceTree = BUILT_PRODUCTS_DIR; };
		170A92CF2A5C7D3E008D4273 /* NASADemoUITests.swift */ = {isa = PBXFileReference; lastKnownFileType = sourcecode.swift; path = NASADemoUITests.swift; sourceTree = "<group>"; };
		170A92D12A5C7D3E008D4273 /* NASADemoUITestsLaunchTests.swift */ = {isa = PBXFileReference; lastKnownFileType = sourcecode.swift; path = NASADemoUITestsLaunchTests.swift; sourceTree = "<group>"; };
		172578512A5CA5FD001C3AE6 /* NasaDetailView.swift */ = {isa = PBXFileReference; lastKnownFileType = sourcecode.swift; path = NasaDetailView.swift; sourceTree = "<group>"; };
		172578582A5D1107001C3AE6 /* NasaImageSearchResponseModel.swift */ = {isa = PBXFileReference; lastKnownFileType = sourcecode.swift; path = NasaImageSearchResponseModel.swift; sourceTree = "<group>"; };
		172578612A5D137D001C3AE6 /* NasaViewModel.swift */ = {isa = PBXFileReference; lastKnownFileType = sourcecode.swift; path = NasaViewModel.swift; sourceTree = "<group>"; };
		172578632A5D148F001C3AE6 /* NasaView.swift */ = {isa = PBXFileReference; lastKnownFileType = sourcecode.swift; path = NasaView.swift; sourceTree = "<group>"; };
		172578652A5E05CB001C3AE6 /* NasaImage.swift */ = {isa = PBXFileReference; lastKnownFileType = sourcecode.swift; path = NasaImage.swift; sourceTree = "<group>"; };
		172578672A5E1B77001C3AE6 /* APIClient.swift */ = {isa = PBXFileReference; lastKnownFileType = sourcecode.swift; path = APIClient.swift; sourceTree = "<group>"; };
		172578692A5E1B84001C3AE6 /* APIRequest.swift */ = {isa = PBXFileReference; lastKnownFileType = sourcecode.swift; path = APIRequest.swift; sourceTree = "<group>"; };
		1725786B2A5F1813001C3AE6 /* NasaDetailViewModel.swift */ = {isa = PBXFileReference; lastKnownFileType = sourcecode.swift; path = NasaDetailViewModel.swift; sourceTree = "<group>"; };
/* End PBXFileReference section */

/* Begin PBXFrameworksBuildPhase section */
		170A92AE2A5C7D3D008D4273 /* Frameworks */ = {
			isa = PBXFrameworksBuildPhase;
			buildActionMask = 2147483647;
			files = (
			);
			runOnlyForDeploymentPostprocessing = 0;
		};
		170A92BE2A5C7D3E008D4273 /* Frameworks */ = {
			isa = PBXFrameworksBuildPhase;
			buildActionMask = 2147483647;
			files = (
			);
			runOnlyForDeploymentPostprocessing = 0;
		};
		170A92C82A5C7D3E008D4273 /* Frameworks */ = {
			isa = PBXFrameworksBuildPhase;
			buildActionMask = 2147483647;
			files = (
			);
			runOnlyForDeploymentPostprocessing = 0;
		};
/* End PBXFrameworksBuildPhase section */

/* Begin PBXGroup section */
		170A92A82A5C7D3D008D4273 = {
			isa = PBXGroup;
			children = (
				170A92B32A5C7D3D008D4273 /* NASADemo */,
				170A92C42A5C7D3E008D4273 /* NASADemoTests */,
				170A92CE2A5C7D3E008D4273 /* NASADemoUITests */,
				170A92B22A5C7D3D008D4273 /* Products */,
			);
			sourceTree = "<group>";
		};
		170A92B22A5C7D3D008D4273 /* Products */ = {
			isa = PBXGroup;
			children = (
				170A92B12A5C7D3D008D4273 /* NASADemo.app */,
				170A92C12A5C7D3E008D4273 /* NASADemoTests.xctest */,
				170A92CB2A5C7D3E008D4273 /* NASADemoUITests.xctest */,
			);
			name = Products;
			sourceTree = "<group>";
		};
		170A92B32A5C7D3D008D4273 /* NASADemo */ = {
			isa = PBXGroup;
			children = (
				170A92B42A5C7D3D008D4273 /* NASADemoApp.swift */,
				174260A82A5C95910046DEF5 /* Model */,
				174260A22A5C94E00046DEF5 /* Views */,
				172578602A5D136B001C3AE6 /* ViewModel */,
				172578552A5D10C4001C3AE6 /* APIClient */,
				170A92B82A5C7D3E008D4273 /* Assets.xcassets */,
				170A92BA2A5C7D3E008D4273 /* Preview Content */,
			);
			path = NASADemo;
			sourceTree = "<group>";
		};
		170A92BA2A5C7D3E008D4273 /* Preview Content */ = {
			isa = PBXGroup;
			children = (
				170A92BB2A5C7D3E008D4273 /* Preview Assets.xcassets */,
			);
			path = "Preview Content";
			sourceTree = "<group>";
		};
		170A92C42A5C7D3E008D4273 /* NASADemoTests */ = {
			isa = PBXGroup;
			children = (
				170A92C52A5C7D3E008D4273 /* NASADemoTests.swift */,
			);
			path = NASADemoTests;
			sourceTree = "<group>";
		};
		170A92CE2A5C7D3E008D4273 /* NASADemoUITests */ = {
			isa = PBXGroup;
			children = (
				170A92CF2A5C7D3E008D4273 /* NASADemoUITests.swift */,
				170A92D12A5C7D3E008D4273 /* NASADemoUITestsLaunchTests.swift */,
			);
			path = NASADemoUITests;
			sourceTree = "<group>";
		};
		172578552A5D10C4001C3AE6 /* APIClient */ = {
			isa = PBXGroup;
			children = (
				172578672A5E1B77001C3AE6 /* APIClient.swift */,
				172578692A5E1B84001C3AE6 /* APIRequest.swift */,
			);
			path = APIClient;
			sourceTree = "<group>";
		};
		172578602A5D136B001C3AE6 /* ViewModel */ = {
			isa = PBXGroup;
			children = (
				172578612A5D137D001C3AE6 /* NasaViewModel.swift */,
				1725786B2A5F1813001C3AE6 /* NasaDetailViewModel.swift */,
			);
			path = ViewModel;
			sourceTree = "<group>";
		};
		174260A22A5C94E00046DEF5 /* Views */ = {
			isa = PBXGroup;
			children = (
				172578632A5D148F001C3AE6 /* NasaView.swift */,
				172578512A5CA5FD001C3AE6 /* NasaDetailView.swift */,
				172578652A5E05CB001C3AE6 /* NasaImage.swift */,
			);
			path = Views;
			sourceTree = "<group>";
		};
		174260A82A5C95910046DEF5 /* Model */ = {
			isa = PBXGroup;
			children = (
				172578582A5D1107001C3AE6 /* NasaImageSearchResponseModel.swift */,
			);
			path = Model;
			sourceTree = "<group>";
		};
/* End PBXGroup section */

/* Begin PBXNativeTarget section */
		170A92B02A5C7D3D008D4273 /* NASADemo */ = {
			isa = PBXNativeTarget;
			buildConfigurationList = 170A92D52A5C7D3E008D4273 /* Build configuration list for PBXNativeTarget "NASADemo" */;
			buildPhases = (
				170A92AD2A5C7D3D008D4273 /* Sources */,
				170A92AE2A5C7D3D008D4273 /* Frameworks */,
				170A92AF2A5C7D3D008D4273 /* Resources */,
			);
			buildRules = (
			);
			dependencies = (
			);
			name = NASADemo;
			productName = NASADemo;
			productReference = 170A92B12A5C7D3D008D4273 /* NASADemo.app */;
			productType = "com.apple.product-type.application";
		};
		170A92C02A5C7D3E008D4273 /* NASADemoTests */ = {
			isa = PBXNativeTarget;
			buildConfigurationList = 170A92D82A5C7D3E008D4273 /* Build configuration list for PBXNativeTarget "NASADemoTests" */;
			buildPhases = (
				170A92BD2A5C7D3E008D4273 /* Sources */,
				170A92BE2A5C7D3E008D4273 /* Frameworks */,
				170A92BF2A5C7D3E008D4273 /* Resources */,
			);
			buildRules = (
			);
			dependencies = (
				170A92C32A5C7D3E008D4273 /* PBXTargetDependency */,
			);
			name = NASADemoTests;
			productName = NASADemoTests;
			productReference = 170A92C12A5C7D3E008D4273 /* NASADemoTests.xctest */;
			productType = "com.apple.product-type.bundle.unit-test";
		};
		170A92CA2A5C7D3E008D4273 /* NASADemoUITests */ = {
			isa = PBXNativeTarget;
			buildConfigurationList = 170A92DB2A5C7D3E008D4273 /* Build configuration list for PBXNativeTarget "NASADemoUITests" */;
			buildPhases = (
				170A92C72A5C7D3E008D4273 /* Sources */,
				170A92C82A5C7D3E008D4273 /* Frameworks */,
				170A92C92A5C7D3E008D4273 /* Resources */,
			);
			buildRules = (
			);
			dependencies = (
				170A92CD2A5C7D3E008D4273 /* PBXTargetDependency */,
			);
			name = NASADemoUITests;
			productName = NASADemoUITests;
			productReference = 170A92CB2A5C7D3E008D4273 /* NASADemoUITests.xctest */;
			productType = "com.apple.product-type.bundle.ui-testing";
		};
/* End PBXNativeTarget section */

/* Begin PBXProject section */
		170A92A92A5C7D3D008D4273 /* Project object */ = {
			isa = PBXProject;
			attributes = {
				BuildIndependentTargetsInParallel = 1;
				LastSwiftUpdateCheck = 1430;
				LastUpgradeCheck = 1430;
				TargetAttributes = {
					170A92B02A5C7D3D008D4273 = {
						CreatedOnToolsVersion = 14.3.1;
					};
					170A92C02A5C7D3E008D4273 = {
						CreatedOnToolsVersion = 14.3.1;
						TestTargetID = 170A92B02A5C7D3D008D4273;
					};
					170A92CA2A5C7D3E008D4273 = {
						CreatedOnToolsVersion = 14.3.1;
						TestTargetID = 170A92B02A5C7D3D008D4273;
					};
				};
			};
			buildConfigurationList = 170A92AC2A5C7D3D008D4273 /* Build configuration list for PBXProject "NASADemo" */;
			compatibilityVersion = "Xcode 14.0";
			developmentRegion = en;
			hasScannedForEncodings = 0;
			knownRegions = (
				en,
				Base,
			);
			mainGroup = 170A92A82A5C7D3D008D4273;
			productRefGroup = 170A92B22A5C7D3D008D4273 /* Products */;
			projectDirPath = "";
			projectRoot = "";
			targets = (
				170A92B02A5C7D3D008D4273 /* NASADemo */,
				170A92C02A5C7D3E008D4273 /* NASADemoTests */,
				170A92CA2A5C7D3E008D4273 /* NASADemoUITests */,
			);
		};
/* End PBXProject section */

/* Begin PBXResourcesBuildPhase section */
		170A92AF2A5C7D3D008D4273 /* Resources */ = {
			isa = PBXResourcesBuildPhase;
			buildActionMask = 2147483647;
			files = (
				170A92BC2A5C7D3E008D4273 /* Preview Assets.xcassets in Resources */,
				170A92B92A5C7D3E008D4273 /* Assets.xcassets in Resources */,
			);
			runOnlyForDeploymentPostprocessing = 0;
		};
		170A92BF2A5C7D3E008D4273 /* Resources */ = {
			isa = PBXResourcesBuildPhase;
			buildActionMask = 2147483647;
			files = (
			);
			runOnlyForDeploymentPostprocessing = 0;
		};
		170A92C92A5C7D3E008D4273 /* Resources */ = {
			isa = PBXResourcesBuildPhase;
			buildActionMask = 2147483647;
			files = (
			);
			runOnlyForDeploymentPostprocessing = 0;
		};
/* End PBXResourcesBuildPhase section */

/* Begin PBXSourcesBuildPhase section */
		170A92AD2A5C7D3D008D4273 /* Sources */ = {
			isa = PBXSourcesBuildPhase;
			buildActionMask = 2147483647;
			files = (
				172578522A5CA5FD001C3AE6 /* NasaDetailView.swift in Sources */,
				172578642A5D148F001C3AE6 /* NasaView.swift in Sources */,
				172578682A5E1B77001C3AE6 /* APIClient.swift in Sources */,
				172578622A5D137D001C3AE6 /* NasaViewModel.swift in Sources */,
				1725786A2A5E1B84001C3AE6 /* APIRequest.swift in Sources */,
				172578592A5D1107001C3AE6 /* NasaImageSearchResponseModel.swift in Sources */,
				1725786C2A5F1813001C3AE6 /* NasaDetailViewModel.swift in Sources */,
				170A92B52A5C7D3D008D4273 /* NASADemoApp.swift in Sources */,
				172578662A5E05CB001C3AE6 /* NasaImage.swift in Sources */,
			);
			runOnlyForDeploymentPostprocessing = 0;
		};
		170A92BD2A5C7D3E008D4273 /* Sources */ = {
			isa = PBXSourcesBuildPhase;
			buildActionMask = 2147483647;
			files = (
				170A92C62A5C7D3E008D4273 /* NASADemoTests.swift in Sources */,
			);
			runOnlyForDeploymentPostprocessing = 0;
		};
		170A92C72A5C7D3E008D4273 /* Sources */ = {
			isa = PBXSourcesBuildPhase;
			buildActionMask = 2147483647;
			files = (
				170A92D22A5C7D3E008D4273 /* NASADemoUITestsLaunchTests.swift in Sources */,
				170A92D02A5C7D3E008D4273 /* NASADemoUITests.swift in Sources */,
			);
			runOnlyForDeploymentPostprocessing = 0;
		};
/* End PBXSourcesBuildPhase section */

/* Begin PBXTargetDependency section */
		170A92C32A5C7D3E008D4273 /* PBXTargetDependency */ = {
			isa = PBXTargetDependency;
			target = 170A92B02A5C7D3D008D4273 /* NASADemo */;
			targetProxy = 170A92C22A5C7D3E008D4273 /* PBXContainerItemProxy */;
		};
		170A92CD2A5C7D3E008D4273 /* PBXTargetDependency */ = {
			isa = PBXTargetDependency;
			target = 170A92B02A5C7D3D008D4273 /* NASADemo */;
			targetProxy = 170A92CC2A5C7D3E008D4273 /* PBXContainerItemProxy */;
		};
/* End PBXTargetDependency section */

/* Begin XCBuildConfiguration section */
		170A92D32A5C7D3E008D4273 /* Debug */ = {
			isa = XCBuildConfiguration;
			buildSettings = {
				ALWAYS_SEARCH_USER_PATHS = NO;
				CLANG_ANALYZER_NONNULL = YES;
				CLANG_ANALYZER_NUMBER_OBJECT_CONVERSION = YES_AGGRESSIVE;
				CLANG_CXX_LANGUAGE_STANDARD = "gnu++20";
				CLANG_ENABLE_MODULES = YES;
				CLANG_ENABLE_OBJC_ARC = YES;
				CLANG_ENABLE_OBJC_WEAK = YES;
				CLANG_WARN_BLOCK_CAPTURE_AUTORELEASING = YES;
				CLANG_WARN_BOOL_CONVERSION = YES;
				CLANG_WARN_COMMA = YES;
				CLANG_WARN_CONSTANT_CONVERSION = YES;
				CLANG_WARN_DEPRECATED_OBJC_IMPLEMENTATIONS = YES;
				CLANG_WARN_DIRECT_OBJC_ISA_USAGE = YES_ERROR;
				CLANG_WARN_DOCUMENTATION_COMMENTS = YES;
				CLANG_WARN_EMPTY_BODY = YES;
				CLANG_WARN_ENUM_CONVERSION = YES;
				CLANG_WARN_INFINITE_RECURSION = YES;
				CLANG_WARN_INT_CONVERSION = YES;
				CLANG_WARN_NON_LITERAL_NULL_CONVERSION = YES;
				CLANG_WARN_OBJC_IMPLICIT_RETAIN_SELF = YES;
				CLANG_WARN_OBJC_LITERAL_CONVERSION = YES;
				CLANG_WARN_OBJC_ROOT_CLASS = YES_ERROR;
				CLANG_WARN_QUOTED_INCLUDE_IN_FRAMEWORK_HEADER = YES;
				CLANG_WARN_RANGE_LOOP_ANALYSIS = YES;
				CLANG_WARN_STRICT_PROTOTYPES = YES;
				CLANG_WARN_SUSPICIOUS_MOVE = YES;
				CLANG_WARN_UNGUARDED_AVAILABILITY = YES_AGGRESSIVE;
				CLANG_WARN_UNREACHABLE_CODE = YES;
				CLANG_WARN__DUPLICATE_METHOD_MATCH = YES;
				COPY_PHASE_STRIP = NO;
				DEBUG_INFORMATION_FORMAT = dwarf;
				ENABLE_STRICT_OBJC_MSGSEND = YES;
				ENABLE_TESTABILITY = YES;
				GCC_C_LANGUAGE_STANDARD = gnu11;
				GCC_DYNAMIC_NO_PIC = NO;
				GCC_NO_COMMON_BLOCKS = YES;
				GCC_OPTIMIZATION_LEVEL = 0;
				GCC_PREPROCESSOR_DEFINITIONS = (
					"DEBUG=1",
					"$(inherited)",
				);
				GCC_WARN_64_TO_32_BIT_CONVERSION = YES;
				GCC_WARN_ABOUT_RETURN_TYPE = YES_ERROR;
				GCC_WARN_UNDECLARED_SELECTOR = YES;
				GCC_WARN_UNINITIALIZED_AUTOS = YES_AGGRESSIVE;
				GCC_WARN_UNUSED_FUNCTION = YES;
				GCC_WARN_UNUSED_VARIABLE = YES;
				IPHONEOS_DEPLOYMENT_TARGET = 16.4;
				MTL_ENABLE_DEBUG_INFO = INCLUDE_SOURCE;
				MTL_FAST_MATH = YES;
				ONLY_ACTIVE_ARCH = YES;
				SDKROOT = iphoneos;
				SWIFT_ACTIVE_COMPILATION_CONDITIONS = DEBUG;
				SWIFT_OPTIMIZATION_LEVEL = "-Onone";
			};
			name = Debug;
		};
		170A92D42A5C7D3E008D4273 /* Release */ = {
			isa = XCBuildConfiguration;
			buildSettings = {
				ALWAYS_SEARCH_USER_PATHS = NO;
				CLANG_ANALYZER_NONNULL = YES;
				CLANG_ANALYZER_NUMBER_OBJECT_CONVERSION = YES_AGGRESSIVE;
				CLANG_CXX_LANGUAGE_STANDARD = "gnu++20";
				CLANG_ENABLE_MODULES = YES;
				CLANG_ENABLE_OBJC_ARC = YES;
				CLANG_ENABLE_OBJC_WEAK = YES;
				CLANG_WARN_BLOCK_CAPTURE_AUTORELEASING = YES;
				CLANG_WARN_BOOL_CONVERSION = YES;
				CLANG_WARN_COMMA = YES;
				CLANG_WARN_CONSTANT_CONVERSION = YES;
				CLANG_WARN_DEPRECATED_OBJC_IMPLEMENTATIONS = YES;
				CLANG_WARN_DIRECT_OBJC_ISA_USAGE = YES_ERROR;
				CLANG_WARN_DOCUMENTATION_COMMENTS = YES;
				CLANG_WARN_EMPTY_BODY = YES;
				CLANG_WARN_ENUM_CONVERSION = YES;
				CLANG_WARN_INFINITE_RECURSION = YES;
				CLANG_WARN_INT_CONVERSION = YES;
				CLANG_WARN_NON_LITERAL_NULL_CONVERSION = YES;
				CLANG_WARN_OBJC_IMPLICIT_RETAIN_SELF = YES;
				CLANG_WARN_OBJC_LITERAL_CONVERSION = YES;
				CLANG_WARN_OBJC_ROOT_CLASS = YES_ERROR;
				CLANG_WARN_QUOTED_INCLUDE_IN_FRAMEWORK_HEADER = YES;
				CLANG_WARN_RANGE_LOOP_ANALYSIS = YES;
				CLANG_WARN_STRICT_PROTOTYPES = YES;
				CLANG_WARN_SUSPICIOUS_MOVE = YES;
				CLANG_WARN_UNGUARDED_AVAILABILITY = YES_AGGRESSIVE;
				CLANG_WARN_UNREACHABLE_CODE = YES;
				CLANG_WARN__DUPLICATE_METHOD_MATCH = YES;
				COPY_PHASE_STRIP = NO;
				DEBUG_INFORMATION_FORMAT = "dwarf-with-dsym";
				ENABLE_NS_ASSERTIONS = NO;
				ENABLE_STRICT_OBJC_MSGSEND = YES;
				GCC_C_LANGUAGE_STANDARD = gnu11;
				GCC_NO_COMMON_BLOCKS = YES;
				GCC_WARN_64_TO_32_BIT_CONVERSION = YES;
				GCC_WARN_ABOUT_RETURN_TYPE = YES_ERROR;
				GCC_WARN_UNDECLARED_SELECTOR = YES;
				GCC_WARN_UNINITIALIZED_AUTOS = YES_AGGRESSIVE;
				GCC_WARN_UNUSED_FUNCTION = YES;
				GCC_WARN_UNUSED_VARIABLE = YES;
				IPHONEOS_DEPLOYMENT_TARGET = 16.4;
				MTL_ENABLE_DEBUG_INFO = NO;
				MTL_FAST_MATH = YES;
				SDKROOT = iphoneos;
				SWIFT_COMPILATION_MODE = wholemodule;
				SWIFT_OPTIMIZATION_LEVEL = "-O";
				VALIDATE_PRODUCT = YES;
			};
			name = Release;
		};
		170A92D62A5C7D3E008D4273 /* Debug */ = {
			isa = XCBuildConfiguration;
			buildSettings = {
				ASSETCATALOG_COMPILER_APPICON_NAME = AppIcon;
				ASSETCATALOG_COMPILER_GLOBAL_ACCENT_COLOR_NAME = AccentColor;
				CODE_SIGN_STYLE = Automatic;
				CURRENT_PROJECT_VERSION = 1;
				DEVELOPMENT_ASSET_PATHS = "\"NASADemo/Preview Content\"";
				DEVELOPMENT_TEAM = 89FJQ47RHF;
				ENABLE_PREVIEWS = YES;
				GENERATE_INFOPLIST_FILE = YES;
				INFOPLIST_KEY_UIApplicationSceneManifest_Generation = YES;
				INFOPLIST_KEY_UIApplicationSupportsIndirectInputEvents = YES;
				INFOPLIST_KEY_UILaunchScreen_Generation = YES;
				INFOPLIST_KEY_UISupportedInterfaceOrientations_iPad = "UIInterfaceOrientationPortrait UIInterfaceOrientationPortraitUpsideDown UIInterfaceOrientationLandscapeLeft UIInterfaceOrientationLandscapeRight";
				INFOPLIST_KEY_UISupportedInterfaceOrientations_iPhone = "UIInterfaceOrientationPortrait UIInterfaceOrientationLandscapeLeft UIInterfaceOrientationLandscapeRight";
				LD_RUNPATH_SEARCH_PATHS = (
					"$(inherited)",
					"@executable_path/Frameworks",
				);
				MARKETING_VERSION = 1.0;
				PRODUCT_BUNDLE_IDENTIFIER = com.coreData.NASADemo2;
				PRODUCT_NAME = "$(TARGET_NAME)";
				SWIFT_EMIT_LOC_STRINGS = YES;
				SWIFT_VERSION = 5.0;
				TARGETED_DEVICE_FAMILY = "1,2";
			};
			name = Debug;
		};
		170A92D72A5C7D3E008D4273 /* Release */ = {
			isa = XCBuildConfiguration;
			buildSettings = {
				ASSETCATALOG_COMPILER_APPICON_NAME = AppIcon;
				ASSETCATALOG_COMPILER_GLOBAL_ACCENT_COLOR_NAME = AccentColor;
				CODE_SIGN_STYLE = Automatic;
				CURRENT_PROJECT_VERSION = 1;
				DEVELOPMENT_ASSET_PATHS = "\"NASADemo/Preview Content\"";
				DEVELOPMENT_TEAM = 89FJQ47RHF;
				ENABLE_PREVIEWS = YES;
				GENERATE_INFOPLIST_FILE = YES;
				INFOPLIST_KEY_UIApplicationSceneManifest_Generation = YES;
				INFOPLIST_KEY_UIApplicationSupportsIndirectInputEvents = YES;
				INFOPLIST_KEY_UILaunchScreen_Generation = YES;
				INFOPLIST_KEY_UISupportedInterfaceOrientations_iPad = "UIInterfaceOrientationPortrait UIInterfaceOrientationPortraitUpsideDown UIInterfaceOrientationLandscapeLeft UIInterfaceOrientationLandscapeRight";
				INFOPLIST_KEY_UISupportedInterfaceOrientations_iPhone = "UIInterfaceOrientationPortrait UIInterfaceOrientationLandscapeLeft UIInterfaceOrientationLandscapeRight";
				LD_RUNPATH_SEARCH_PATHS = (
					"$(inherited)",
					"@executable_path/Frameworks",
				);
				MARKETING_VERSION = 1.0;
				PRODUCT_BUNDLE_IDENTIFIER = com.coreData.NASADemo2;
				PRODUCT_NAME = "$(TARGET_NAME)";
				SWIFT_EMIT_LOC_STRINGS = YES;
				SWIFT_VERSION = 5.0;
				TARGETED_DEVICE_FAMILY = "1,2";
			};
			name = Release;
		};
		170A92D92A5C7D3E008D4273 /* Debug */ = {
			isa = XCBuildConfiguration;
			buildSettings = {
				ALWAYS_EMBED_SWIFT_STANDARD_LIBRARIES = YES;
				BUNDLE_LOADER = "$(TEST_HOST)";
				CODE_SIGN_STYLE = Automatic;
				CURRENT_PROJECT_VERSION = 1;
				DEVELOPMENT_TEAM = K6Y448BPQ6;
				GENERATE_INFOPLIST_FILE = YES;
				IPHONEOS_DEPLOYMENT_TARGET = 16.4;
				MARKETING_VERSION = 1.0;
				PRODUCT_BUNDLE_IDENTIFIER = com.coreData.NASADemoTests;
				PRODUCT_NAME = "$(TARGET_NAME)";
				SWIFT_EMIT_LOC_STRINGS = NO;
				SWIFT_VERSION = 5.0;
				TARGETED_DEVICE_FAMILY = "1,2";
				TEST_HOST = "$(BUILT_PRODUCTS_DIR)/NASADemo.app/$(BUNDLE_EXECUTABLE_FOLDER_PATH)/NASADemo";
			};
			name = Debug;
		};
		170A92DA2A5C7D3E008D4273 /* Release */ = {
			isa = XCBuildConfiguration;
			buildSettings = {
				ALWAYS_EMBED_SWIFT_STANDARD_LIBRARIES = YES;
				BUNDLE_LOADER = "$(TEST_HOST)";
				CODE_SIGN_STYLE = Automatic;
				CURRENT_PROJECT_VERSION = 1;
				DEVELOPMENT_TEAM = K6Y448BPQ6;
				GENERATE_INFOPLIST_FILE = YES;
				IPHONEOS_DEPLOYMENT_TARGET = 16.4;
				MARKETING_VERSION = 1.0;
				PRODUCT_BUNDLE_IDENTIFIER = com.coreData.NASADemoTests;
				PRODUCT_NAME = "$(TARGET_NAME)";
				SWIFT_EMIT_LOC_STRINGS = NO;
				SWIFT_VERSION = 5.0;
				TARGETED_DEVICE_FAMILY = "1,2";
				TEST_HOST = "$(BUILT_PRODUCTS_DIR)/NASADemo.app/$(BUNDLE_EXECUTABLE_FOLDER_PATH)/NASADemo";
			};
			name = Release;
		};
		170A92DC2A5C7D3E008D4273 /* Debug */ = {
			isa = XCBuildConfiguration;
			buildSettings = {
				ALWAYS_EMBED_SWIFT_STANDARD_LIBRARIES = YES;
				CODE_SIGN_STYLE = Automatic;
				CURRENT_PROJECT_VERSION = 1;
				DEVELOPMENT_TEAM = K6Y448BPQ6;
				GENERATE_INFOPLIST_FILE = YES;
				MARKETING_VERSION = 1.0;
				PRODUCT_BUNDLE_IDENTIFIER = com.coreData.NASADemoUITests;
				PRODUCT_NAME = "$(TARGET_NAME)";
				SWIFT_EMIT_LOC_STRINGS = NO;
				SWIFT_VERSION = 5.0;
				TARGETED_DEVICE_FAMILY = "1,2";
				TEST_TARGET_NAME = NASADemo;
			};
			name = Debug;
		};
		170A92DD2A5C7D3E008D4273 /* Release */ = {
			isa = XCBuildConfiguration;
			buildSettings = {
				ALWAYS_EMBED_SWIFT_STANDARD_LIBRARIES = YES;
				CODE_SIGN_STYLE = Automatic;
				CURRENT_PROJECT_VERSION = 1;
				DEVELOPMENT_TEAM = K6Y448BPQ6;
				GENERATE_INFOPLIST_FILE = YES;
				MARKETING_VERSION = 1.0;
				PRODUCT_BUNDLE_IDENTIFIER = com.coreData.NASADemoUITests;
				PRODUCT_NAME = "$(TARGET_NAME)";
				SWIFT_EMIT_LOC_STRINGS = NO;
				SWIFT_VERSION = 5.0;
				TARGETED_DEVICE_FAMILY = "1,2";
				TEST_TARGET_NAME = NASADemo;
			};
			name = Release;
		};
/* End XCBuildConfiguration section */

/* Begin XCConfigurationList section */
		170A92AC2A5C7D3D008D4273 /* Build configuration list for PBXProject "NASADemo" */ = {
			isa = XCConfigurationList;
			buildConfigurations = (
				170A92D32A5C7D3E008D4273 /* Debug */,
				170A92D42A5C7D3E008D4273 /* Release */,
			);
			defaultConfigurationIsVisible = 0;
			defaultConfigurationName = Release;
		};
		170A92D52A5C7D3E008D4273 /* Build configuration list for PBXNativeTarget "NASADemo" */ = {
			isa = XCConfigurationList;
			buildConfigurations = (
				170A92D62A5C7D3E008D4273 /* Debug */,
				170A92D72A5C7D3E008D4273 /* Release */,
			);
			defaultConfigurationIsVisible = 0;
			defaultConfigurationName = Release;
		};
		170A92D82A5C7D3E008D4273 /* Build configuration list for PBXNativeTarget "NASADemoTests" */ = {
			isa = XCConfigurationList;
			buildConfigurations = (
				170A92D92A5C7D3E008D4273 /* Debug */,
				170A92DA2A5C7D3E008D4273 /* Release */,
			);
			defaultConfigurationIsVisible = 0;
			defaultConfigurationName = Release;
		};
		170A92DB2A5C7D3E008D4273 /* Build configuration list for PBXNativeTarget "NASADemoUITests" */ = {
			isa = XCConfigurationList;
			buildConfigurations = (
				170A92DC2A5C7D3E008D4273 /* Debug */,
				170A92DD2A5C7D3E008D4273 /* Release */,
			);
			defaultConfigurationIsVisible = 0;
			defaultConfigurationName = Release;
		};
/* End XCConfigurationList section */
	};
	rootObject = 170A92A92A5C7D3D008D4273 /* Project object */;
}
